
Microsoft Visual Studio Solution File, Format Version 12.00
# Visual Studio 15
VisualStudioVersion = 15.0.28010.2050
MinimumVisualStudioVersion = 10.0.40219.1
Project("{FAE04EC0-301F-11D3-BF4B-00C04F79EFBC}") = "SoczewkiChorzow", "SoczewkiChorzow\SoczewkiChorzow.csproj", "{4204279E-4C9B-4A63-8F06-CB8D2B6DE4C7}"
EndProject
Global
	GlobalSection(SolutionConfigurationPlatforms) = preSolution
		Debug|Any CPU = Debug|Any CPU
		Release|Any CPU = Release|Any CPU
	EndGlobalSection
	GlobalSection(ProjectConfigurationPlatforms) = postSolution
		{4204279E-4C9B-4A63-8F06-CB8D2B6DE4C7}.Debug|Any CPU.ActiveCfg = Debug|Any CPU
		{4204279E-4C9B-4A63-8F06-CB8D2B6DE4C7}.Debug|Any CPU.Build.0 = Debug|Any CPU
		{4204279E-4C9B-4A63-8F06-CB8D2B6DE4C7}.Release|Any CPU.ActiveCfg = Release|Any CPU
		{4204279E-4C9B-4A63-8F06-CB8D2B6DE4C7}.Release|Any CPU.Build.0 = Release|Any CPU
	EndGlobalSection
	GlobalSection(SolutionProperties) = preSolution
		HideSolutionNode = FALSE
	EndGlobalSection
	GlobalSection(ExtensibilityGlobals) = postSolution
		SolutionGuid = {FB9EEB26-1652-478F-A2B3-FFC9C2B193C5}
	EndGlobalSection
EndGlobal
